
Microsoft Visual Studio Solution File, Format Version 12.00
# Visual Studio Version 17
VisualStudioVersion = 17.14.36310.24 d17.14
MinimumVisualStudioVersion = 10.0.40219.1
Project("{FAE04EC0-301F-11D3-BF4B-00C04F79EFBC}") = "UESANPC0123200092WEBAPI", "UESANPC0123200092WEBAPI.csproj", "{47F19996-8F5D-4411-90E0-9A34C070D743}"
EndProject
Project("{FAE04EC0-301F-11D3-BF4B-00C04F79EFBC}") = "UESANPC123200092.CORE", "..\UESANPC123200092.CORE\UESANPC123200092.CORE.csproj", "{252DD4F8-D1CB-4E15-8DE6-7666FDB5FFBD}"
EndProject
Global
	GlobalSection(SolutionConfigurationPlatforms) = preSolution
		Debug|Any CPU = Debug|Any CPU
		Release|Any CPU = Release|Any CPU
	EndGlobalSection
	GlobalSection(ProjectConfigurationPlatforms) = postSolution
		{47F19996-8F5D-4411-90E0-9A34C070D743}.Debug|Any CPU.ActiveCfg = Debug|Any CPU
		{47F19996-8F5D-4411-90E0-9A34C070D743}.Debug|Any CPU.Build.0 = Debug|Any CPU
		{47F19996-8F5D-4411-90E0-9A34C070D743}.Release|Any CPU.ActiveCfg = Release|Any CPU
		{47F19996-8F5D-4411-90E0-9A34C070D743}.Release|Any CPU.Build.0 = Release|Any CPU
		{252DD4F8-D1CB-4E15-8DE6-7666FDB5FFBD}.Debug|Any CPU.ActiveCfg = Debug|Any CPU
		{252DD4F8-D1CB-4E15-8DE6-7666FDB5FFBD}.Debug|Any CPU.Build.0 = Debug|Any CPU
		{252DD4F8-D1CB-4E15-8DE6-7666FDB5FFBD}.Release|Any CPU.ActiveCfg = Release|Any CPU
		{252DD4F8-D1CB-4E15-8DE6-7666FDB5FFBD}.Release|Any CPU.Build.0 = Release|Any CPU
	EndGlobalSection
	GlobalSection(SolutionProperties) = preSolution
		HideSolutionNode = FALSE
	EndGlobalSection
	GlobalSection(ExtensibilityGlobals) = postSolution
		SolutionGuid = {0075E5B4-3DAF-4BDE-BB92-06059752D953}
	EndGlobalSection
EndGlobal
